{
  "name": "format-slurm",
  "version": "1.0.0",
  "lockfileVersion": 1,
  "requires": true,
  "dependencies": {
    "moment": {
      "version": "2.29.2",
      "resolved": "https://registry.npmjs.org/moment/-/moment-2.29.2.tgz",
      "integrity": "sha512-UgzG4rvxYpN15jgCmVJwac49h9ly9NurikMWGPdVxm8GZD6XjkKPxDTjQQ43gtGgnV3X0cAyWDdP2Wexoquifg=="
    },
    "moment-timezone": {
      "version": "0.5.21",
      "resolved": "https://registry.npmjs.org/moment-timezone/-/moment-timezone-0.5.21.tgz",
      "integrity": "sha512-j96bAh4otsgj3lKydm3K7kdtA3iKf2m6MY2iSYCzCm5a1zmHo1g+aK3068dDEeocLZQIS9kU8bsdQHLqEvgW0A==",
      "requires": {
        "moment": ">= 2.9.0"
      }
    },
    "pcre-to-regexp": {
      "version": "0.0.4",
      "resolved": "https://registry.npmjs.org/pcre-to-regexp/-/pcre-to-regexp-0.0.4.tgz",
      "integrity": "sha1-oZw/xq9UA0n5FTZ6R3bHXGUdrgU="
    }
  }
}
