{
  "name": "format-slurm",
  "version": "1.0.0",
  "lockfileVersion": 1,
  "requires": true,
  "dependencies": {
    "moment": {
      "version": "2.29.4",
      "resolved": "https://registry.npmjs.org/moment/-/moment-2.29.4.tgz",
      "integrity": "sha512-5LC9SOxjSc2HF6vO2CyuTDNivEdoz2IvyJJGj6X8DJ0eFyfszE0QiEd+iXmBvUP3WHxSjFH/vIsA0EN00cgr8w=="
    },
    "moment-timezone": {
      "version": "0.5.35",
      "resolved": "https://registry.npmjs.org/moment-timezone/-/moment-timezone-0.5.35.tgz",
      "integrity": "sha512-cY/pBOEXepQvlgli06ttCTKcIf8cD1nmNwOKQQAdHBqYApQSpAqotBMX0RJZNgMp6i0PlZuf1mFtnlyEkwyvFw==",
      "requires": {
        "moment": ">= 2.9.0"
      }
    },
    "pcre-to-regexp": {
      "version": "0.0.4",
      "resolved": "https://registry.npmjs.org/pcre-to-regexp/-/pcre-to-regexp-0.0.4.tgz",
      "integrity": "sha1-oZw/xq9UA0n5FTZ6R3bHXGUdrgU="
    }
  }
}
