{
  "requires": true,
  "lockfileVersion": 1,
  "dependencies": {
    "luxon": {
      "version": "1.3.1",
      "resolved": "https://registry.npmjs.org/luxon/-/luxon-1.3.1.tgz",
      "integrity": "sha512-GnX4PVEfDcTZT3xDQhm2jvEyZTxfi2b0gOmkJuwrrggA1b46e8ZshmPYePA6gdAT6mvvOxYnGFfb3iE9ZsWn9g=="
    },
    "moment": {
      "version": "2.22.2",
      "resolved": "https://registry.npmjs.org/moment/-/moment-2.22.2.tgz",
      "integrity": "sha1-PCV/mDn8DpP/UxSWMiOeuQeD/2Y="
    },
    "moment-timezone": {
      "version": "0.5.21",
      "resolved": "https://registry.npmjs.org/moment-timezone/-/moment-timezone-0.5.21.tgz",
      "integrity": "sha512-j96bAh4otsgj3lKydm3K7kdtA3iKf2m6MY2iSYCzCm5a1zmHo1g+aK3068dDEeocLZQIS9kU8bsdQHLqEvgW0A==",
      "requires": {
        "moment": ">= 2.9.0"
      }
    },
    "pcre-to-regexp": {
      "version": "0.0.4",
      "resolved": "https://registry.npmjs.org/pcre-to-regexp/-/pcre-to-regexp-0.0.4.tgz",
      "integrity": "sha1-oZw/xq9UA0n5FTZ6R3bHXGUdrgU="
    }
  }
}
